{
    "name": "@jeje-devs/jeje-ql",
    "version": "1.3.0",
    "lockfileVersion": 3,
    "requires": true,
    "packages": {
        "": {
            "name": "@jeje-devs/jeje-ql",
            "version": "1.3.0",
            "license": "ISC",
            "dependencies": {
                "@jeje-devs/plume-testing": "^1.0.6"
            }
        },
        "node_modules/@jeje-devs/plume-testing": {
            "version": "1.0.6",
            "resolved": "https://registry.npmjs.org/@jeje-devs/plume-testing/-/plume-testing-1.0.6.tgz",
            "integrity": "sha512-fS1NcTLbbLXEJCiz1/kE8qIbJ6aCmPwcQo+0QVhT7nfbpquQpO0goCBm1m63A18ClMdTS8UxreznyMHAVRdnvg=="
        }
    }
}
