{
    "name": "@jeje-devs/jeje-ql",
    "version": "1.4.8",
    "lockfileVersion": 3,
    "requires": true,
    "packages": {
        "": {
            "name": "@jeje-devs/jeje-ql",
            "version": "1.4.8",
            "license": "ISC",
            "dependencies": {
                "@jeje-devs/plume-testing": "^2.1.0"
            }
        },
        "node_modules/@jeje-devs/plume-testing": {
            "version": "2.1.0",
            "resolved": "https://registry.npmjs.org/@jeje-devs/plume-testing/-/plume-testing-2.1.0.tgz",
            "integrity": "sha512-HH9Y7NHv6t/z1Tj7/QA+VT5ob5n6u2sCA2Ei9gW3ZVtHrj1BBMe2tUTpS9YZDKOhJNNHo9WbRp4RgXTVaRkSsQ=="
        }
    }
}
